
Microsoft Visual Studio Solution File, Format Version 12.00
# Visual Studio Version 16
VisualStudioVersion = 16.0.30711.63
MinimumVisualStudioVersion = 15.0.26124.0
Project("{2150E333-8FDC-42A3-9474-1A3956D46DE8}") = "src", "src", "{C1C90766-5645-4F2E-A894-EE6E5E3D9CC2}"
EndProject
Project("{9A19103F-16F7-4668-BE54-9A1E7A4F7556}") = "IdentityServerAspNetIdentity", "src\IdentityServerAspNetIdentity\IdentityServerAspNetIdentity.csproj", "{F37BEEDC-DC06-41B6-8DBD-74BDFD43D67C}"
EndProject
Project("{9A19103F-16F7-4668-BE54-9A1E7A4F7556}") = "MvcClient", "..\aspnetcoreinteractive\src\MvcClient\MvcClient.csproj", "{E99A96BA-850F-4B45-9F90-2E9318374209}"
EndProject
Project("{9A19103F-16F7-4668-BE54-9A1E7A4F7556}") = "Api", "..\aspnetcoreinteractive\src\Api\Api.csproj", "{2AEB2844-2A39-48BB-8070-475480F80159}"
EndProject
Global
	GlobalSection(SolutionConfigurationPlatforms) = preSolution
		Debug|Any CPU = Debug|Any CPU
		Debug|x64 = Debug|x64
		Debug|x86 = Debug|x86
		Release|Any CPU = Release|Any CPU
		Release|x64 = Release|x64
		Release|x86 = Release|x86
	EndGlobalSection
	GlobalSection(ProjectConfigurationPlatforms) = postSolution
		{F37BEEDC-DC06-41B6-8DBD-74BDFD43D67C}.Debug|Any CPU.ActiveCfg = Debug|Any CPU
		{F37BEEDC-DC06-41B6-8DBD-74BDFD43D67C}.Debug|Any CPU.Build.0 = Debug|Any CPU
		{F37BEEDC-DC06-41B6-8DBD-74BDFD43D67C}.Debug|x64.ActiveCfg = Debug|Any CPU
		{F37BEEDC-DC06-41B6-8DBD-74BDFD43D67C}.Debug|x64.Build.0 = Debug|Any CPU
		{F37BEEDC-DC06-41B6-8DBD-74BDFD43D67C}.Debug|x86.ActiveCfg = Debug|Any CPU
		{F37BEEDC-DC06-41B6-8DBD-74BDFD43D67C}.Debug|x86.Build.0 = Debug|Any CPU
		{F37BEEDC-DC06-41B6-8DBD-74BDFD43D67C}.Release|Any CPU.ActiveCfg = Release|Any CPU
		{F37BEEDC-DC06-41B6-8DBD-74BDFD43D67C}.Release|Any CPU.Build.0 = Release|Any CPU
		{F37BEEDC-DC06-41B6-8DBD-74BDFD43D67C}.Release|x64.ActiveCfg = Release|Any CPU
		{F37BEEDC-DC06-41B6-8DBD-74BDFD43D67C}.Release|x64.Build.0 = Release|Any CPU
		{F37BEEDC-DC06-41B6-8DBD-74BDFD43D67C}.Release|x86.ActiveCfg = Release|Any CPU
		{F37BEEDC-DC06-41B6-8DBD-74BDFD43D67C}.Release|x86.Build.0 = Release|Any CPU
		{E99A96BA-850F-4B45-9F90-2E9318374209}.Debug|Any CPU.ActiveCfg = Debug|Any CPU
		{E99A96BA-850F-4B45-9F90-2E9318374209}.Debug|Any CPU.Build.0 = Debug|Any CPU
		{E99A96BA-850F-4B45-9F90-2E9318374209}.Debug|x64.ActiveCfg = Debug|Any CPU
		{E99A96BA-850F-4B45-9F90-2E9318374209}.Debug|x64.Build.0 = Debug|Any CPU
		{E99A96BA-850F-4B45-9F90-2E9318374209}.Debug|x86.ActiveCfg = Debug|Any CPU
		{E99A96BA-850F-4B45-9F90-2E9318374209}.Debug|x86.Build.0 = Debug|Any CPU
		{E99A96BA-850F-4B45-9F90-2E9318374209}.Release|Any CPU.ActiveCfg = Release|Any CPU
		{E99A96BA-850F-4B45-9F90-2E9318374209}.Release|Any CPU.Build.0 = Release|Any CPU
		{E99A96BA-850F-4B45-9F90-2E9318374209}.Release|x64.ActiveCfg = Release|Any CPU
		{E99A96BA-850F-4B45-9F90-2E9318374209}.Release|x64.Build.0 = Release|Any CPU
		{E99A96BA-850F-4B45-9F90-2E9318374209}.Release|x86.ActiveCfg = Release|Any CPU
		{E99A96BA-850F-4B45-9F90-2E9318374209}.Release|x86.Build.0 = Release|Any CPU
		{2AEB2844-2A39-48BB-8070-475480F80159}.Debug|Any CPU.ActiveCfg = Debug|Any CPU
		{2AEB2844-2A39-48BB-8070-475480F80159}.Debug|Any CPU.Build.0 = Debug|Any CPU
		{2AEB2844-2A39-48BB-8070-475480F80159}.Debug|x64.ActiveCfg = Debug|Any CPU
		{2AEB2844-2A39-48BB-8070-475480F80159}.Debug|x64.Build.0 = Debug|Any CPU
		{2AEB2844-2A39-48BB-8070-475480F80159}.Debug|x86.ActiveCfg = Debug|Any CPU
		{2AEB2844-2A39-48BB-8070-475480F80159}.Debug|x86.Build.0 = Debug|Any CPU
		{2AEB2844-2A39-48BB-8070-475480F80159}.Release|Any CPU.ActiveCfg = Release|Any CPU
		{2AEB2844-2A39-48BB-8070-475480F80159}.Release|Any CPU.Build.0 = Release|Any CPU
		{2AEB2844-2A39-48BB-8070-475480F80159}.Release|x64.ActiveCfg = Release|Any CPU
		{2AEB2844-2A39-48BB-8070-475480F80159}.Release|x64.Build.0 = Release|Any CPU
		{2AEB2844-2A39-48BB-8070-475480F80159}.Release|x86.ActiveCfg = Release|Any CPU
		{2AEB2844-2A39-48BB-8070-475480F80159}.Release|x86.Build.0 = Release|Any CPU
	EndGlobalSection
	GlobalSection(SolutionProperties) = preSolution
		HideSolutionNode = FALSE
	EndGlobalSection
	GlobalSection(NestedProjects) = preSolution
		{F37BEEDC-DC06-41B6-8DBD-74BDFD43D67C} = {C1C90766-5645-4F2E-A894-EE6E5E3D9CC2}
		{E99A96BA-850F-4B45-9F90-2E9318374209} = {C1C90766-5645-4F2E-A894-EE6E5E3D9CC2}
		{2AEB2844-2A39-48BB-8070-475480F80159} = {C1C90766-5645-4F2E-A894-EE6E5E3D9CC2}
	EndGlobalSection
	GlobalSection(ExtensibilityGlobals) = postSolution
		SolutionGuid = {F997D76A-18D2-4ECA-9A33-EA10B2EB11AD}
	EndGlobalSection
EndGlobal
